
Microsoft Visual Studio Solution File, Format Version 12.00
# Visual Studio 15
VisualStudioVersion = 15.0.28307.645
MinimumVisualStudioVersion = 10.0.40219.1
Project("{FAE04EC0-301F-11D3-BF4B-00C04F79EFBC}") = "COE.API", "COE.API\COE.API.csproj", "{9471C711-9A4E-4B56-9179-AEA19DC616FF}"
EndProject
Project("{FAE04EC0-301F-11D3-BF4B-00C04F79EFBC}") = "COE.Web", "COE.Web\COE.Web.csproj", "{DD0F6F8B-52C1-43CE-95DB-7576A33B9C1B}"
EndProject
Project("{00D1A9C2-B5F0-4AF3-8072-F6C62B433612}") = "COE.DB", "COE.DB\COE.DB.sqlproj", "{87C823AD-506A-4131-8E8B-AA00EB49518E}"
EndProject
Project("{2150E333-8FDC-42A3-9474-1A3956D46DE8}") = "Core", "Core", "{E982836E-9D1D-4A10-949B-FB71DCE2C142}"
EndProject
Project("{FAE04EC0-301F-11D3-BF4B-00C04F79EFBC}") = "COE.Model", "COE.Model\COE.Model.csproj", "{6E69DDE5-3F2F-4756-8E78-5638B8A193D2}"
EndProject
Project("{FAE04EC0-301F-11D3-BF4B-00C04F79EFBC}") = "COE.Services", "COE.Services\COE.Services.csproj", "{E071E19B-F65D-4135-B901-3E13F419F5F1}"
EndProject
Project("{FAE04EC0-301F-11D3-BF4B-00C04F79EFBC}") = "COE.ORM", "COE.ORM\COE.ORM.csproj", "{534E543B-665A-4E9D-8F6E-A9FA5B25A043}"
EndProject
Project("{FAE04EC0-301F-11D3-BF4B-00C04F79EFBC}") = "COE.Notifications", "COE.Notifications\COE.Notifications.csproj", "{AB8AD1B0-2614-4AAA-B0DD-F8B28117FF82}"
EndProject
Project("{FAE04EC0-301F-11D3-BF4B-00C04F79EFBC}") = "COE.Logging", "COE.Logging\COE.Logging.csproj", "{8ABE9DB0-23DF-4861-811C-0F4B6C811251}"
EndProject
Project("{FAE04EC0-301F-11D3-BF4B-00C04F79EFBC}") = "COE.IdentityManagement", "COE.IdentityManagement\COE.IdentityManagement.csproj", "{D79E9A8E-5BFD-4D57-9309-40C9B3112D08}"
EndProject
Global
	GlobalSection(SolutionConfigurationPlatforms) = preSolution
		Debug|Any CPU = Debug|Any CPU
		Release|Any CPU = Release|Any CPU
	EndGlobalSection
	GlobalSection(ProjectConfigurationPlatforms) = postSolution
		{9471C711-9A4E-4B56-9179-AEA19DC616FF}.Debug|Any CPU.ActiveCfg = Debug|Any CPU
		{9471C711-9A4E-4B56-9179-AEA19DC616FF}.Debug|Any CPU.Build.0 = Debug|Any CPU
		{9471C711-9A4E-4B56-9179-AEA19DC616FF}.Release|Any CPU.ActiveCfg = Release|Any CPU
		{9471C711-9A4E-4B56-9179-AEA19DC616FF}.Release|Any CPU.Build.0 = Release|Any CPU
		{DD0F6F8B-52C1-43CE-95DB-7576A33B9C1B}.Debug|Any CPU.ActiveCfg = Debug|Any CPU
		{DD0F6F8B-52C1-43CE-95DB-7576A33B9C1B}.Debug|Any CPU.Build.0 = Debug|Any CPU
		{DD0F6F8B-52C1-43CE-95DB-7576A33B9C1B}.Release|Any CPU.ActiveCfg = Release|Any CPU
		{DD0F6F8B-52C1-43CE-95DB-7576A33B9C1B}.Release|Any CPU.Build.0 = Release|Any CPU
		{87C823AD-506A-4131-8E8B-AA00EB49518E}.Debug|Any CPU.ActiveCfg = Debug|Any CPU
		{87C823AD-506A-4131-8E8B-AA00EB49518E}.Debug|Any CPU.Build.0 = Debug|Any CPU
		{87C823AD-506A-4131-8E8B-AA00EB49518E}.Debug|Any CPU.Deploy.0 = Debug|Any CPU
		{87C823AD-506A-4131-8E8B-AA00EB49518E}.Release|Any CPU.ActiveCfg = Release|Any CPU
		{87C823AD-506A-4131-8E8B-AA00EB49518E}.Release|Any CPU.Build.0 = Release|Any CPU
		{87C823AD-506A-4131-8E8B-AA00EB49518E}.Release|Any CPU.Deploy.0 = Release|Any CPU
		{6E69DDE5-3F2F-4756-8E78-5638B8A193D2}.Debug|Any CPU.ActiveCfg = Debug|Any CPU
		{6E69DDE5-3F2F-4756-8E78-5638B8A193D2}.Debug|Any CPU.Build.0 = Debug|Any CPU
		{6E69DDE5-3F2F-4756-8E78-5638B8A193D2}.Release|Any CPU.ActiveCfg = Release|Any CPU
		{6E69DDE5-3F2F-4756-8E78-5638B8A193D2}.Release|Any CPU.Build.0 = Release|Any CPU
		{E071E19B-F65D-4135-B901-3E13F419F5F1}.Debug|Any CPU.ActiveCfg = Debug|Any CPU
		{E071E19B-F65D-4135-B901-3E13F419F5F1}.Debug|Any CPU.Build.0 = Debug|Any CPU
		{E071E19B-F65D-4135-B901-3E13F419F5F1}.Release|Any CPU.ActiveCfg = Release|Any CPU
		{E071E19B-F65D-4135-B901-3E13F419F5F1}.Release|Any CPU.Build.0 = Release|Any CPU
		{534E543B-665A-4E9D-8F6E-A9FA5B25A043}.Debug|Any CPU.ActiveCfg = Debug|Any CPU
		{534E543B-665A-4E9D-8F6E-A9FA5B25A043}.Debug|Any CPU.Build.0 = Debug|Any CPU
		{534E543B-665A-4E9D-8F6E-A9FA5B25A043}.Release|Any CPU.ActiveCfg = Release|Any CPU
		{534E543B-665A-4E9D-8F6E-A9FA5B25A043}.Release|Any CPU.Build.0 = Release|Any CPU
		{AB8AD1B0-2614-4AAA-B0DD-F8B28117FF82}.Debug|Any CPU.ActiveCfg = Debug|Any CPU
		{AB8AD1B0-2614-4AAA-B0DD-F8B28117FF82}.Debug|Any CPU.Build.0 = Debug|Any CPU
		{AB8AD1B0-2614-4AAA-B0DD-F8B28117FF82}.Release|Any CPU.ActiveCfg = Release|Any CPU
		{AB8AD1B0-2614-4AAA-B0DD-F8B28117FF82}.Release|Any CPU.Build.0 = Release|Any CPU
		{8ABE9DB0-23DF-4861-811C-0F4B6C811251}.Debug|Any CPU.ActiveCfg = Debug|Any CPU
		{8ABE9DB0-23DF-4861-811C-0F4B6C811251}.Debug|Any CPU.Build.0 = Debug|Any CPU
		{8ABE9DB0-23DF-4861-811C-0F4B6C811251}.Release|Any CPU.ActiveCfg = Release|Any CPU
		{8ABE9DB0-23DF-4861-811C-0F4B6C811251}.Release|Any CPU.Build.0 = Release|Any CPU
		{D79E9A8E-5BFD-4D57-9309-40C9B3112D08}.Debug|Any CPU.ActiveCfg = Debug|Any CPU
		{D79E9A8E-5BFD-4D57-9309-40C9B3112D08}.Debug|Any CPU.Build.0 = Debug|Any CPU
		{D79E9A8E-5BFD-4D57-9309-40C9B3112D08}.Release|Any CPU.ActiveCfg = Release|Any CPU
		{D79E9A8E-5BFD-4D57-9309-40C9B3112D08}.Release|Any CPU.Build.0 = Release|Any CPU
	EndGlobalSection
	GlobalSection(SolutionProperties) = preSolution
		HideSolutionNode = FALSE
	EndGlobalSection
	GlobalSection(NestedProjects) = preSolution
		{6E69DDE5-3F2F-4756-8E78-5638B8A193D2} = {E982836E-9D1D-4A10-949B-FB71DCE2C142}
		{E071E19B-F65D-4135-B901-3E13F419F5F1} = {E982836E-9D1D-4A10-949B-FB71DCE2C142}
		{534E543B-665A-4E9D-8F6E-A9FA5B25A043} = {E982836E-9D1D-4A10-949B-FB71DCE2C142}
		{AB8AD1B0-2614-4AAA-B0DD-F8B28117FF82} = {E982836E-9D1D-4A10-949B-FB71DCE2C142}
		{8ABE9DB0-23DF-4861-811C-0F4B6C811251} = {E982836E-9D1D-4A10-949B-FB71DCE2C142}
	EndGlobalSection
	GlobalSection(ExtensibilityGlobals) = postSolution
		SolutionGuid = {A154DD73-EA06-414C-A86F-D84DA5CEC05F}
	EndGlobalSection
EndGlobal
